
Microsoft Visual Studio Solution File, Format Version 12.00
# Visual Studio Version 16
VisualStudioVersion = 16.0.30907.101
MinimumVisualStudioVersion = 10.0.40219.1
Project("{FAE04EC0-301F-11D3-BF4B-00C04F79EFBC}") = "RestWithASPNETUdemy", "RestWithASPNETUdemy\RestWithASPNETUdemy.csproj", "{A234E10B-6C89-4D62-9947-266769350CA2}"
EndProject
Global
	GlobalSection(SolutionConfigurationPlatforms) = preSolution
		Debug|Any CPU = Debug|Any CPU
		Release|Any CPU = Release|Any CPU
	EndGlobalSection
	GlobalSection(ProjectConfigurationPlatforms) = postSolution
		{A234E10B-6C89-4D62-9947-266769350CA2}.Debug|Any CPU.ActiveCfg = Debug|Any CPU
		{A234E10B-6C89-4D62-9947-266769350CA2}.Debug|Any CPU.Build.0 = Debug|Any CPU
		{A234E10B-6C89-4D62-9947-266769350CA2}.Release|Any CPU.ActiveCfg = Release|Any CPU
		{A234E10B-6C89-4D62-9947-266769350CA2}.Release|Any CPU.Build.0 = Release|Any CPU
	EndGlobalSection
	GlobalSection(SolutionProperties) = preSolution
		HideSolutionNode = FALSE
	EndGlobalSection
	GlobalSection(ExtensibilityGlobals) = postSolution
		SolutionGuid = {621222A1-6D6B-4AD8-8985-2DFFAFC3859B}
	EndGlobalSection
EndGlobal
